<?xml version="1.0" encoding="UTF-8"?>
<!DOCTYPE plist PUBLIC "-//Apple//DTD PLIST 1.0//EN" "http://www.apple.com/DTDs/PropertyList-1.0.dtd">
<plist version="1.0">
<dict>
	<key>archiveVersion</key>
	<string>1</string>
	<key>classes</key>
	<dict/>
	<key>objectVersion</key>
	<string>46</string>
	<key>objects</key>
	<dict>
		<key>089B9EC41DFD4B79A815A67E</key>
		<dict>
			<key>buildActionMask</key>
			<string>2147483647</string>
			<key>files</key>
			<array/>
			<key>inputPaths</key>
			<array/>
			<key>isa</key>
			<string>PBXShellScriptBuildPhase</string>
			<key>name</key>
			<string>Check Pods Manifest.lock</string>
			<key>outputPaths</key>
			<array/>
			<key>runOnlyForDeploymentPostprocessing</key>
			<string>0</string>
			<key>shellPath</key>
			<string>/bin/sh</string>
			<key>shellScript</key>
			<string>diff "${PODS_ROOT}/../Podfile.lock" "${PODS_ROOT}/Manifest.lock" &gt; /dev/null
if [[ $? != 0 ]] ; then
    cat &lt;&lt; EOM
error: The sandbox is not in sync with the Podfile.lock. Run 'pod install' or update your CocoaPods installation.
EOM
    exit 1
fi
</string>
			<key>showEnvVarsInLog</key>
			<string>0</string>
		</dict>
		<key>09971B6D9A1E4581B1CC7BBC</key>
		<dict>
			<key>includeInIndex</key>
			<string>1</string>
			<key>isa</key>
			<string>PBXFileReference</string>
			<key>lastKnownFileType</key>
			<string>text.xcconfig</string>
			<key>name</key>
			<string>Pods.xcconfig</string>
			<key>path</key>
			<string>Pods/Pods.xcconfig</string>
			<key>sourceTree</key>
			<string>&lt;group&gt;</string>
		</dict>
		<key>24847E9FD99444BCB629A811</key>
		<dict>
			<key>explicitFileType</key>
			<string>archive.ar</string>
			<key>includeInIndex</key>
			<string>0</string>
			<key>isa</key>
			<string>PBXFileReference</string>
			<key>path</key>
			<string>libPods.a</string>
			<key>sourceTree</key>
			<string>BUILT_PRODUCTS_DIR</string>
		</dict>
		<key>9A2A9673C95B4EA2AEFE87A6</key>
		<dict>
			<key>fileRef</key>
			<string>24847E9FD99444BCB629A811</string>
			<key>isa</key>
			<string>PBXBuildFile</string>
		</dict>
		<key>AEB425AF655A4AF7A4D25685</key>
		<dict>
			<key>buildActionMask</key>
			<string>2147483647</string>
			<key>files</key>
			<array/>
			<key>inputPaths</key>
			<array/>
			<key>isa</key>
			<string>PBXShellScriptBuildPhase</string>
			<key>name</key>
			<string>Copy Pods Resources</string>
			<key>outputPaths</key>
			<array/>
			<key>runOnlyForDeploymentPostprocessing</key>
			<string>0</string>
			<key>shellPath</key>
			<string>/bin/sh</string>
			<key>shellScript</key>
			<string>"${SRCROOT}/Pods/Pods-resources.sh"
</string>
			<key>showEnvVarsInLog</key>
			<string>0</string>
		</dict>
		<key>EA16C5B518512ED2000E5B54</key>
		<dict>
			<key>children</key>
			<array>
				<string>EA16C5C718512ED3000E5B54</string>
				<string>EA16C5E618512ED3000E5B54</string>
				<string>EA16C5C018512ED3000E5B54</string>
				<string>EA16C5BF18512ED3000E5B54</string>
				<string>09971B6D9A1E4581B1CC7BBC</string>
			</array>
			<key>isa</key>
			<string>PBXGroup</string>
			<key>sourceTree</key>
			<string>&lt;group&gt;</string>
		</dict>
		<key>EA16C5B618512ED2000E5B54</key>
		<dict>
			<key>attributes</key>
			<dict>
				<key>LastUpgradeCheck</key>
				<string>0500</string>
				<key>ORGANIZATIONNAME</key>
				<string>Erin Parker</string>
				<key>TargetAttributes</key>
				<dict>
					<key>EA16C5DE18512ED3000E5B54</key>
					<dict>
						<key>TestTargetID</key>
						<string>EA16C5BD18512ED3000E5B54</string>
					</dict>
				</dict>
			</dict>
			<key>buildConfigurationList</key>
			<string>EA16C5B918512ED2000E5B54</string>
			<key>compatibilityVersion</key>
			<string>Xcode 3.2</string>
			<key>developmentRegion</key>
			<string>English</string>
			<key>hasScannedForEncodings</key>
			<string>0</string>
			<key>isa</key>
			<string>PBXProject</string>
			<key>knownRegions</key>
			<array>
				<string>en</string>
				<string>Base</string>
			</array>
			<key>mainGroup</key>
			<string>EA16C5B518512ED2000E5B54</string>
			<key>productRefGroup</key>
			<string>EA16C5BF18512ED3000E5B54</string>
			<key>projectDirPath</key>
			<string></string>
			<key>projectReferences</key>
			<array/>
			<key>projectRoot</key>
			<string></string>
			<key>targets</key>
			<array>
				<string>EA16C5BD18512ED3000E5B54</string>
				<string>EA16C5DE18512ED3000E5B54</string>
			</array>
		</dict>
		<key>EA16C5B918512ED2000E5B54</key>
		<dict>
			<key>buildConfigurations</key>
			<array>
				<string>EA16C5EE18512ED3000E5B54</string>
				<string>EA16C5EF18512ED3000E5B54</string>
			</array>
			<key>defaultConfigurationIsVisible</key>
			<string>0</string>
			<key>defaultConfigurationName</key>
			<string>Release</string>
			<key>isa</key>
			<string>XCConfigurationList</string>
		</dict>
		<key>EA16C5BA18512ED3000E5B54</key>
		<dict>
			<key>buildActionMask</key>
			<string>2147483647</string>
			<key>files</key>
			<array>
				<string>EA16C612185169D6000E5B54</string>
				<string>EA16C61C1851D46E000E5B54</string>
				<string>EA16C5D218512ED3000E5B54</string>
				<string>EA16C629185297B2000E5B54</string>
				<string>EA16C615185169E5000E5B54</string>
				<string>EA16C60C185169B0000E5B54</string>
				<string>EA16C609185169A0000E5B54</string>
				<string>EA16C61818516A8E000E5B54</string>
				<string>EA16C5CE18512ED3000E5B54</string>
				<string>EA16C60F185169B7000E5B54</string>
			</array>
			<key>isa</key>
			<string>PBXSourcesBuildPhase</string>
			<key>runOnlyForDeploymentPostprocessing</key>
			<string>0</string>
		</dict>
		<key>EA16C5BB18512ED3000E5B54</key>
		<dict>
			<key>buildActionMask</key>
			<string>2147483647</string>
			<key>files</key>
			<array>
				<string>EA16C5C418512ED3000E5B54</string>
				<string>EA16C5C618512ED3000E5B54</string>
				<string>EA16C5C218512ED3000E5B54</string>
				<string>9A2A9673C95B4EA2AEFE87A6</string>
			</array>
			<key>isa</key>
			<string>PBXFrameworksBuildPhase</string>
			<key>runOnlyForDeploymentPostprocessing</key>
			<string>0</string>
		</dict>
		<key>EA16C5BC18512ED3000E5B54</key>
		<dict>
			<key>buildActionMask</key>
			<string>2147483647</string>
			<key>files</key>
			<array>
				<string>EA16C6261852974E000E5B54</string>
				<string>EA16C5FC18513615000E5B54</string>
				<string>EA16C5DA18512ED3000E5B54</string>
				<string>EA16C61E185290ED000E5B54</string>
				<string>EA16C62B18529868000E5B54</string>
				<string>EA16C5CC18512ED3000E5B54</string>
				<string>EA16C5FA18513615000E5B54</string>
				<string>EA16C6221852954F000E5B54</string>
				<string>EA16C5FB18513615000E5B54</string>
				<string>EA16C5D518512ED3000E5B54</string>
				<string>EA16C6241852965F000E5B54</string>
			</array>
			<key>isa</key>
			<string>PBXResourcesBuildPhase</string>
			<key>runOnlyForDeploymentPostprocessing</key>
			<string>0</string>
		</dict>
		<key>EA16C5BD18512ED3000E5B54</key>
		<dict>
			<key>buildConfigurationList</key>
			<string>EA16C5F018512ED3000E5B54</string>
			<key>buildPhases</key>
			<array>
				<string>089B9EC41DFD4B79A815A67E</string>
				<string>EA16C5BA18512ED3000E5B54</string>
				<string>EA16C5BB18512ED3000E5B54</string>
				<string>EA16C5BC18512ED3000E5B54</string>
				<string>AEB425AF655A4AF7A4D25685</string>
			</array>
			<key>buildRules</key>
			<array/>
			<key>dependencies</key>
			<array/>
			<key>isa</key>
			<string>PBXNativeTarget</string>
			<key>name</key>
			<string>Superheroine</string>
			<key>productName</key>
			<string>Superheroine</string>
			<key>productReference</key>
			<string>EA16C5BE18512ED3000E5B54</string>
			<key>productType</key>
			<string>com.apple.product-type.application</string>
		</dict>
		<key>EA16C5BE18512ED3000E5B54</key>
		<dict>
			<key>explicitFileType</key>
			<string>wrapper.application</string>
			<key>includeInIndex</key>
			<string>0</string>
			<key>isa</key>
			<string>PBXFileReference</string>
			<key>path</key>
			<string>Superheroine.app</string>
			<key>sourceTree</key>
			<string>BUILT_PRODUCTS_DIR</string>
		</dict>
		<key>EA16C5BF18512ED3000E5B54</key>
		<dict>
			<key>children</key>
			<array>
				<string>EA16C5BE18512ED3000E5B54</string>
				<string>EA16C5DF18512ED3000E5B54</string>
			</array>
			<key>isa</key>
			<string>PBXGroup</string>
			<key>name</key>
			<string>Products</string>
			<key>sourceTree</key>
			<string>&lt;group&gt;</string>
		</dict>
		<key>EA16C5C018512ED3000E5B54</key>
		<dict>
			<key>children</key>
			<array>
				<string>EA16C5C118512ED3000E5B54</string>
				<string>EA16C5C318512ED3000E5B54</string>
				<string>EA16C5C518512ED3000E5B54</string>
				<string>EA16C5E018512ED3000E5B54</string>
				<string>24847E9FD99444BCB629A811</string>
			</array>
			<key>isa</key>
			<string>PBXGroup</string>
			<key>name</key>
			<string>Frameworks</string>
			<key>sourceTree</key>
			<string>&lt;group&gt;</string>
		</dict>
		<key>EA16C5C118512ED3000E5B54</key>
		<dict>
			<key>isa</key>
			<string>PBXFileReference</string>
			<key>lastKnownFileType</key>
			<string>wrapper.framework</string>
			<key>name</key>
			<string>Foundation.framework</string>
			<key>path</key>
			<string>System/Library/Frameworks/Foundation.framework</string>
			<key>sourceTree</key>
			<string>SDKROOT</string>
		</dict>
		<key>EA16C5C218512ED3000E5B54</key>
		<dict>
			<key>fileRef</key>
			<string>EA16C5C118512ED3000E5B54</string>
			<key>isa</key>
			<string>PBXBuildFile</string>
		</dict>
		<key>EA16C5C318512ED3000E5B54</key>
		<dict>
			<key>isa</key>
			<string>PBXFileReference</string>
			<key>lastKnownFileType</key>
			<string>wrapper.framework</string>
			<key>name</key>
			<string>CoreGraphics.framework</string>
			<key>path</key>
			<string>System/Library/Frameworks/CoreGraphics.framework</string>
			<key>sourceTree</key>
			<string>SDKROOT</string>
		</dict>
		<key>EA16C5C418512ED3000E5B54</key>
		<dict>
			<key>fileRef</key>
			<string>EA16C5C318512ED3000E5B54</string>
			<key>isa</key>
			<string>PBXBuildFile</string>
		</dict>
		<key>EA16C5C518512ED3000E5B54</key>
		<dict>
			<key>isa</key>
			<string>PBXFileReference</string>
			<key>lastKnownFileType</key>
			<string>wrapper.framework</string>
			<key>name</key>
			<string>UIKit.framework</string>
			<key>path</key>
			<string>System/Library/Frameworks/UIKit.framework</string>
			<key>sourceTree</key>
			<string>SDKROOT</string>
		</dict>
		<key>EA16C5C618512ED3000E5B54</key>
		<dict>
			<key>fileRef</key>
			<string>EA16C5C518512ED3000E5B54</string>
			<key>isa</key>
			<string>PBXBuildFile</string>
		</dict>
		<key>EA16C5C718512ED3000E5B54</key>
		<dict>
			<key>children</key>
			<array>
				<string>EA16C5D018512ED3000E5B54</string>
				<string>EA16C5D118512ED3000E5B54</string>
				<string>EA16C5D318512ED3000E5B54</string>
				<string>EA16C60018516949000E5B54</string>
				<string>EA16C5D918512ED3000E5B54</string>
				<string>EA16C5F618513609000E5B54</string>
				<string>EA16C5C818512ED3000E5B54</string>
			</array>
			<key>isa</key>
			<string>PBXGroup</string>
			<key>path</key>
			<string>Superheroine</string>
			<key>sourceTree</key>
			<string>&lt;group&gt;</string>
		</dict>
		<key>EA16C5C818512ED3000E5B54</key>
		<dict>
			<key>children</key>
			<array>
				<string>EA16C61918516A96000E5B54</string>
				<string>EA16C5C918512ED3000E5B54</string>
				<string>EA16C5CA18512ED3000E5B54</string>
				<string>EA16C5CD18512ED3000E5B54</string>
				<string>EA16C5CF18512ED3000E5B54</string>
			</array>
			<key>isa</key>
			<string>PBXGroup</string>
			<key>name</key>
			<string>Supporting Files</string>
			<key>sourceTree</key>
			<string>&lt;group&gt;</string>
		</dict>
		<key>EA16C5C918512ED3000E5B54</key>
		<dict>
			<key>isa</key>
			<string>PBXFileReference</string>
			<key>lastKnownFileType</key>
			<string>text.plist.xml</string>
			<key>path</key>
			<string>Superheroine-Info.plist</string>
			<key>sourceTree</key>
			<string>&lt;group&gt;</string>
		</dict>
		<key>EA16C5CA18512ED3000E5B54</key>
		<dict>
			<key>children</key>
			<array>
				<string>EA16C5CB18512ED3000E5B54</string>
			</array>
			<key>isa</key>
			<string>PBXVariantGroup</string>
			<key>name</key>
			<string>InfoPlist.strings</string>
			<key>sourceTree</key>
			<string>&lt;group&gt;</string>
		</dict>
		<key>EA16C5CB18512ED3000E5B54</key>
		<dict>
			<key>isa</key>
			<string>PBXFileReference</string>
			<key>lastKnownFileType</key>
			<string>text.plist.strings</string>
			<key>name</key>
			<string>en</string>
			<key>path</key>
			<string>en.lproj/InfoPlist.strings</string>
			<key>sourceTree</key>
			<string>&lt;group&gt;</string>
		</dict>
		<key>EA16C5CC18512ED3000E5B54</key>
		<dict>
			<key>fileRef</key>
			<string>EA16C5CA18512ED3000E5B54</string>
			<key>isa</key>
			<string>PBXBuildFile</string>
		</dict>
		<key>EA16C5CD18512ED3000E5B54</key>
		<dict>
			<key>isa</key>
			<string>PBXFileReference</string>
			<key>lastKnownFileType</key>
			<string>sourcecode.c.objc</string>
			<key>path</key>
			<string>main.m</string>
			<key>sourceTree</key>
			<string>&lt;group&gt;</string>
		</dict>
		<key>EA16C5CE18512ED3000E5B54</key>
		<dict>
			<key>fileRef</key>
			<string>EA16C5CD18512ED3000E5B54</string>
			<key>isa</key>
			<string>PBXBuildFile</string>
		</dict>
		<key>EA16C5CF18512ED3000E5B54</key>
		<dict>
			<key>isa</key>
			<string>PBXFileReference</string>
			<key>lastKnownFileType</key>
			<string>sourcecode.c.h</string>
			<key>path</key>
			<string>Superheroine-Prefix.pch</string>
			<key>sourceTree</key>
			<string>&lt;group&gt;</string>
		</dict>
		<key>EA16C5D018512ED3000E5B54</key>
		<dict>
			<key>isa</key>
			<string>PBXFileReference</string>
			<key>lastKnownFileType</key>
			<string>sourcecode.c.h</string>
			<key>path</key>
			<string>AppDelegate.h</string>
			<key>sourceTree</key>
			<string>&lt;group&gt;</string>
		</dict>
		<key>EA16C5D118512ED3000E5B54</key>
		<dict>
			<key>isa</key>
			<string>PBXFileReference</string>
			<key>lastKnownFileType</key>
			<string>sourcecode.c.objc</string>
			<key>path</key>
			<string>AppDelegate.m</string>
			<key>sourceTree</key>
			<string>&lt;group&gt;</string>
		</dict>
		<key>EA16C5D218512ED3000E5B54</key>
		<dict>
			<key>fileRef</key>
			<string>EA16C5D118512ED3000E5B54</string>
			<key>isa</key>
			<string>PBXBuildFile</string>
		</dict>
		<key>EA16C5D318512ED3000E5B54</key>
		<dict>
			<key>children</key>
			<array>
				<string>EA16C5D418512ED3000E5B54</string>
			</array>
			<key>isa</key>
			<string>PBXVariantGroup</string>
			<key>name</key>
			<string>Main.storyboard</string>
			<key>sourceTree</key>
			<string>&lt;group&gt;</string>
		</dict>
		<key>EA16C5D418512ED3000E5B54</key>
		<dict>
			<key>isa</key>
			<string>PBXFileReference</string>
			<key>lastKnownFileType</key>
			<string>file.storyboard</string>
			<key>name</key>
			<string>Base</string>
			<key>path</key>
			<string>Base.lproj/Main.storyboard</string>
			<key>sourceTree</key>
			<string>&lt;group&gt;</string>
		</dict>
		<key>EA16C5D518512ED3000E5B54</key>
		<dict>
			<key>fileRef</key>
			<string>EA16C5D318512ED3000E5B54</string>
			<key>isa</key>
			<string>PBXBuildFile</string>
		</dict>
		<key>EA16C5D918512ED3000E5B54</key>
		<dict>
			<key>isa</key>
			<string>PBXFileReference</string>
			<key>lastKnownFileType</key>
			<string>folder.assetcatalog</string>
			<key>path</key>
			<string>Images.xcassets</string>
			<key>sourceTree</key>
			<string>&lt;group&gt;</string>
		</dict>
		<key>EA16C5DA18512ED3000E5B54</key>
		<dict>
			<key>fileRef</key>
			<string>EA16C5D918512ED3000E5B54</string>
			<key>isa</key>
			<string>PBXBuildFile</string>
		</dict>
		<key>EA16C5DB18512ED3000E5B54</key>
		<dict>
			<key>buildActionMask</key>
			<string>2147483647</string>
			<key>files</key>
			<array>
				<string>EA16C5ED18512ED3000E5B54</string>
			</array>
			<key>isa</key>
			<string>PBXSourcesBuildPhase</string>
			<key>runOnlyForDeploymentPostprocessing</key>
			<string>0</string>
		</dict>
		<key>EA16C5DC18512ED3000E5B54</key>
		<dict>
			<key>buildActionMask</key>
			<string>2147483647</string>
			<key>files</key>
			<array>
				<string>EA16C5E118512ED3000E5B54</string>
				<string>EA16C5E318512ED3000E5B54</string>
				<string>EA16C5E218512ED3000E5B54</string>
			</array>
			<key>isa</key>
			<string>PBXFrameworksBuildPhase</string>
			<key>runOnlyForDeploymentPostprocessing</key>
			<string>0</string>
		</dict>
		<key>EA16C5DD18512ED3000E5B54</key>
		<dict>
			<key>buildActionMask</key>
			<string>2147483647</string>
			<key>files</key>
			<array>
				<string>EA16C5EB18512ED3000E5B54</string>
			</array>
			<key>isa</key>
			<string>PBXResourcesBuildPhase</string>
			<key>runOnlyForDeploymentPostprocessing</key>
			<string>0</string>
		</dict>
		<key>EA16C5DE18512ED3000E5B54</key>
		<dict>
			<key>buildConfigurationList</key>
			<string>EA16C5F318512ED3000E5B54</string>
			<key>buildPhases</key>
			<array>
				<string>EA16C5DB18512ED3000E5B54</string>
				<string>EA16C5DC18512ED3000E5B54</string>
				<string>EA16C5DD18512ED3000E5B54</string>
			</array>
			<key>buildRules</key>
			<array/>
			<key>dependencies</key>
			<array>
				<string>EA16C5E518512ED3000E5B54</string>
			</array>
			<key>isa</key>
			<string>PBXNativeTarget</string>
			<key>name</key>
			<string>SuperheroineTests</string>
			<key>productName</key>
			<string>SuperheroineTests</string>
			<key>productReference</key>
			<string>EA16C5DF18512ED3000E5B54</string>
			<key>productType</key>
			<string>com.apple.product-type.bundle.unit-test</string>
		</dict>
		<key>EA16C5DF18512ED3000E5B54</key>
		<dict>
			<key>explicitFileType</key>
			<string>wrapper.cfbundle</string>
			<key>includeInIndex</key>
			<string>0</string>
			<key>isa</key>
			<string>PBXFileReference</string>
			<key>path</key>
			<string>SuperheroineTests.xctest</string>
			<key>sourceTree</key>
			<string>BUILT_PRODUCTS_DIR</string>
		</dict>
		<key>EA16C5E018512ED3000E5B54</key>
		<dict>
			<key>isa</key>
			<string>PBXFileReference</string>
			<key>lastKnownFileType</key>
			<string>wrapper.framework</string>
			<key>name</key>
			<string>XCTest.framework</string>
			<key>path</key>
			<string>Library/Frameworks/XCTest.framework</string>
			<key>sourceTree</key>
			<string>DEVELOPER_DIR</string>
		</dict>
		<key>EA16C5E118512ED3000E5B54</key>
		<dict>
			<key>fileRef</key>
			<string>EA16C5E018512ED3000E5B54</string>
			<key>isa</key>
			<string>PBXBuildFile</string>
		</dict>
		<key>EA16C5E218512ED3000E5B54</key>
		<dict>
			<key>fileRef</key>
			<string>EA16C5C118512ED3000E5B54</string>
			<key>isa</key>
			<string>PBXBuildFile</string>
		</dict>
		<key>EA16C5E318512ED3000E5B54</key>
		<dict>
			<key>fileRef</key>
			<string>EA16C5C518512ED3000E5B54</string>
			<key>isa</key>
			<string>PBXBuildFile</string>
		</dict>
		<key>EA16C5E418512ED3000E5B54</key>
		<dict>
			<key>containerPortal</key>
			<string>EA16C5B618512ED2000E5B54</string>
			<key>isa</key>
			<string>PBXContainerItemProxy</string>
			<key>proxyType</key>
			<string>1</string>
			<key>remoteGlobalIDString</key>
			<string>EA16C5BD18512ED3000E5B54</string>
			<key>remoteInfo</key>
			<string>Superheroine</string>
		</dict>
		<key>EA16C5E518512ED3000E5B54</key>
		<dict>
			<key>isa</key>
			<string>PBXTargetDependency</string>
			<key>target</key>
			<string>EA16C5BD18512ED3000E5B54</string>
			<key>targetProxy</key>
			<string>EA16C5E418512ED3000E5B54</string>
		</dict>
		<key>EA16C5E618512ED3000E5B54</key>
		<dict>
			<key>children</key>
			<array>
				<string>EA16C5EC18512ED3000E5B54</string>
				<string>EA16C5E718512ED3000E5B54</string>
			</array>
			<key>isa</key>
			<string>PBXGroup</string>
			<key>path</key>
			<string>SuperheroineTests</string>
			<key>sourceTree</key>
			<string>&lt;group&gt;</string>
		</dict>
		<key>EA16C5E718512ED3000E5B54</key>
		<dict>
			<key>children</key>
			<array>
				<string>EA16C5E818512ED3000E5B54</string>
				<string>EA16C5E918512ED3000E5B54</string>
			</array>
			<key>isa</key>
			<string>PBXGroup</string>
			<key>name</key>
			<string>Supporting Files</string>
			<key>sourceTree</key>
			<string>&lt;group&gt;</string>
		</dict>
		<key>EA16C5E818512ED3000E5B54</key>
		<dict>
			<key>isa</key>
			<string>PBXFileReference</string>
			<key>lastKnownFileType</key>
			<string>text.plist.xml</string>
			<key>path</key>
			<string>SuperheroineTests-Info.plist</string>
			<key>sourceTree</key>
			<string>&lt;group&gt;</string>
		</dict>
		<key>EA16C5E918512ED3000E5B54</key>
		<dict>
			<key>children</key>
			<array>
				<string>EA16C5EA18512ED3000E5B54</string>
			</array>
			<key>isa</key>
			<string>PBXVariantGroup</string>
			<key>name</key>
			<string>InfoPlist.strings</string>
			<key>sourceTree</key>
			<string>&lt;group&gt;</string>
		</dict>
		<key>EA16C5EA18512ED3000E5B54</key>
		<dict>
			<key>isa</key>
			<string>PBXFileReference</string>
			<key>lastKnownFileType</key>
			<string>text.plist.strings</string>
			<key>name</key>
			<string>en</string>
			<key>path</key>
			<string>en.lproj/InfoPlist.strings</string>
			<key>sourceTree</key>
			<string>&lt;group&gt;</string>
		</dict>
		<key>EA16C5EB18512ED3000E5B54</key>
		<dict>
			<key>fileRef</key>
			<string>EA16C5E918512ED3000E5B54</string>
			<key>isa</key>
			<string>PBXBuildFile</string>
		</dict>
		<key>EA16C5EC18512ED3000E5B54</key>
		<dict>
			<key>isa</key>
			<string>PBXFileReference</string>
			<key>lastKnownFileType</key>
			<string>sourcecode.c.objc</string>
			<key>path</key>
			<string>SuperheroineTests.m</string>
			<key>sourceTree</key>
			<string>&lt;group&gt;</string>
		</dict>
		<key>EA16C5ED18512ED3000E5B54</key>
		<dict>
			<key>fileRef</key>
			<string>EA16C5EC18512ED3000E5B54</string>
			<key>isa</key>
			<string>PBXBuildFile</string>
		</dict>
		<key>EA16C5EE18512ED3000E5B54</key>
		<dict>
			<key>buildSettings</key>
			<dict>
				<key>ALWAYS_SEARCH_USER_PATHS</key>
				<string>NO</string>
				<key>ARCHS</key>
				<string>$(ARCHS_STANDARD_INCLUDING_64_BIT)</string>
				<key>CLANG_CXX_LANGUAGE_STANDARD</key>
				<string>gnu++0x</string>
				<key>CLANG_CXX_LIBRARY</key>
				<string>libc++</string>
				<key>CLANG_ENABLE_MODULES</key>
				<string>YES</string>
				<key>CLANG_ENABLE_OBJC_ARC</key>
				<string>YES</string>
				<key>CLANG_WARN_BOOL_CONVERSION</key>
				<string>YES</string>
				<key>CLANG_WARN_CONSTANT_CONVERSION</key>
				<string>YES</string>
				<key>CLANG_WARN_DIRECT_OBJC_ISA_USAGE</key>
				<string>YES_ERROR</string>
				<key>CLANG_WARN_EMPTY_BODY</key>
				<string>YES</string>
				<key>CLANG_WARN_ENUM_CONVERSION</key>
				<string>YES</string>
				<key>CLANG_WARN_INT_CONVERSION</key>
				<string>YES</string>
				<key>CLANG_WARN_OBJC_ROOT_CLASS</key>
				<string>YES_ERROR</string>
				<key>CLANG_WARN__DUPLICATE_METHOD_MATCH</key>
				<string>YES</string>
				<key>CODE_SIGN_IDENTITY[sdk=iphoneos*]</key>
				<string>iPhone Developer</string>
				<key>COPY_PHASE_STRIP</key>
				<string>NO</string>
				<key>GCC_C_LANGUAGE_STANDARD</key>
				<string>gnu99</string>
				<key>GCC_DYNAMIC_NO_PIC</key>
				<string>NO</string>
				<key>GCC_OPTIMIZATION_LEVEL</key>
				<string>0</string>
				<key>GCC_PREPROCESSOR_DEFINITIONS</key>
				<array>
					<string>DEBUG=1</string>
					<string>$(inherited)</string>
				</array>
				<key>GCC_SYMBOLS_PRIVATE_EXTERN</key>
				<string>NO</string>
				<key>GCC_WARN_64_TO_32_BIT_CONVERSION</key>
				<string>YES</string>
				<key>GCC_WARN_ABOUT_RETURN_TYPE</key>
				<string>YES_ERROR</string>
				<key>GCC_WARN_UNDECLARED_SELECTOR</key>
				<string>YES</string>
				<key>GCC_WARN_UNINITIALIZED_AUTOS</key>
				<string>YES</string>
				<key>GCC_WARN_UNUSED_FUNCTION</key>
				<string>YES</string>
				<key>GCC_WARN_UNUSED_VARIABLE</key>
				<string>YES</string>
				<key>IPHONEOS_DEPLOYMENT_TARGET</key>
				<string>7.0</string>
				<key>ONLY_ACTIVE_ARCH</key>
				<string>YES</string>
				<key>SDKROOT</key>
				<string>iphoneos</string>
			</dict>
			<key>isa</key>
			<string>XCBuildConfiguration</string>
			<key>name</key>
			<string>Debug</string>
		</dict>
		<key>EA16C5EF18512ED3000E5B54</key>
		<dict>
			<key>buildSettings</key>
			<dict>
				<key>ALWAYS_SEARCH_USER_PATHS</key>
				<string>NO</string>
				<key>ARCHS</key>
				<string>$(ARCHS_STANDARD_INCLUDING_64_BIT)</string>
				<key>CLANG_CXX_LANGUAGE_STANDARD</key>
				<string>gnu++0x</string>
				<key>CLANG_CXX_LIBRARY</key>
				<string>libc++</string>
				<key>CLANG_ENABLE_MODULES</key>
				<string>YES</string>
				<key>CLANG_ENABLE_OBJC_ARC</key>
				<string>YES</string>
				<key>CLANG_WARN_BOOL_CONVERSION</key>
				<string>YES</string>
				<key>CLANG_WARN_CONSTANT_CONVERSION</key>
				<string>YES</string>
				<key>CLANG_WARN_DIRECT_OBJC_ISA_USAGE</key>
				<string>YES_ERROR</string>
				<key>CLANG_WARN_EMPTY_BODY</key>
				<string>YES</string>
				<key>CLANG_WARN_ENUM_CONVERSION</key>
				<string>YES</string>
				<key>CLANG_WARN_INT_CONVERSION</key>
				<string>YES</string>
				<key>CLANG_WARN_OBJC_ROOT_CLASS</key>
				<string>YES_ERROR</string>
				<key>CLANG_WARN__DUPLICATE_METHOD_MATCH</key>
				<string>YES</string>
				<key>CODE_SIGN_IDENTITY[sdk=iphoneos*]</key>
				<string>iPhone Developer</string>
				<key>COPY_PHASE_STRIP</key>
				<string>YES</string>
				<key>ENABLE_NS_ASSERTIONS</key>
				<string>NO</string>
				<key>GCC_C_LANGUAGE_STANDARD</key>
				<string>gnu99</string>
				<key>GCC_WARN_64_TO_32_BIT_CONVERSION</key>
				<string>YES</string>
				<key>GCC_WARN_ABOUT_RETURN_TYPE</key>
				<string>YES_ERROR</string>
				<key>GCC_WARN_UNDECLARED_SELECTOR</key>
				<string>YES</string>
				<key>GCC_WARN_UNINITIALIZED_AUTOS</key>
				<string>YES</string>
				<key>GCC_WARN_UNUSED_FUNCTION</key>
				<string>YES</string>
				<key>GCC_WARN_UNUSED_VARIABLE</key>
				<string>YES</string>
				<key>IPHONEOS_DEPLOYMENT_TARGET</key>
				<string>7.0</string>
				<key>SDKROOT</key>
				<string>iphoneos</string>
				<key>VALIDATE_PRODUCT</key>
				<string>YES</string>
			</dict>
			<key>isa</key>
			<string>XCBuildConfiguration</string>
			<key>name</key>
			<string>Release</string>
		</dict>
		<key>EA16C5F018512ED3000E5B54</key>
		<dict>
			<key>buildConfigurations</key>
			<array>
				<string>EA16C5F118512ED3000E5B54</string>
				<string>EA16C5F218512ED3000E5B54</string>
			</array>
			<key>defaultConfigurationIsVisible</key>
			<string>0</string>
			<key>isa</key>
			<string>XCConfigurationList</string>
		</dict>
		<key>EA16C5F118512ED3000E5B54</key>
		<dict>
			<key>baseConfigurationReference</key>
			<string>09971B6D9A1E4581B1CC7BBC</string>
			<key>buildSettings</key>
			<dict>
				<key>ASSETCATALOG_COMPILER_APPICON_NAME</key>
				<string>AppIcon</string>
				<key>ASSETCATALOG_COMPILER_LAUNCHIMAGE_NAME</key>
				<string>LaunchImage</string>
				<key>GCC_PRECOMPILE_PREFIX_HEADER</key>
				<string>YES</string>
				<key>GCC_PREFIX_HEADER</key>
				<string>Superheroine/Superheroine-Prefix.pch</string>
				<key>INFOPLIST_FILE</key>
				<string>Superheroine/Superheroine-Info.plist</string>
				<key>PRODUCT_NAME</key>
				<string>$(TARGET_NAME)</string>
				<key>WRAPPER_EXTENSION</key>
				<string>app</string>
			</dict>
			<key>isa</key>
			<string>XCBuildConfiguration</string>
			<key>name</key>
			<string>Debug</string>
		</dict>
		<key>EA16C5F218512ED3000E5B54</key>
		<dict>
			<key>baseConfigurationReference</key>
			<string>09971B6D9A1E4581B1CC7BBC</string>
			<key>buildSettings</key>
			<dict>
				<key>ASSETCATALOG_COMPILER_APPICON_NAME</key>
				<string>AppIcon</string>
				<key>ASSETCATALOG_COMPILER_LAUNCHIMAGE_NAME</key>
				<string>LaunchImage</string>
				<key>GCC_PRECOMPILE_PREFIX_HEADER</key>
				<string>YES</string>
				<key>GCC_PREFIX_HEADER</key>
				<string>Superheroine/Superheroine-Prefix.pch</string>
				<key>INFOPLIST_FILE</key>
				<string>Superheroine/Superheroine-Info.plist</string>
				<key>PRODUCT_NAME</key>
				<string>$(TARGET_NAME)</string>
				<key>WRAPPER_EXTENSION</key>
				<string>app</string>
			</dict>
			<key>isa</key>
			<string>XCBuildConfiguration</string>
			<key>name</key>
			<string>Release</string>
		</dict>
		<key>EA16C5F318512ED3000E5B54</key>
		<dict>
			<key>buildConfigurations</key>
			<array>
				<string>EA16C5F418512ED3000E5B54</string>
				<string>EA16C5F518512ED3000E5B54</string>
			</array>
			<key>defaultConfigurationIsVisible</key>
			<string>0</string>
			<key>isa</key>
			<string>XCConfigurationList</string>
		</dict>
		<key>EA16C5F418512ED3000E5B54</key>
		<dict>
			<key>buildSettings</key>
			<dict>
				<key>ARCHS</key>
				<string>$(ARCHS_STANDARD_INCLUDING_64_BIT)</string>
				<key>BUNDLE_LOADER</key>
				<string>$(BUILT_PRODUCTS_DIR)/Superheroine.app/Superheroine</string>
				<key>FRAMEWORK_SEARCH_PATHS</key>
				<array>
					<string>$(SDKROOT)/Developer/Library/Frameworks</string>
					<string>$(inherited)</string>
					<string>$(DEVELOPER_FRAMEWORKS_DIR)</string>
				</array>
				<key>GCC_PRECOMPILE_PREFIX_HEADER</key>
				<string>YES</string>
				<key>GCC_PREFIX_HEADER</key>
				<string>Superheroine/Superheroine-Prefix.pch</string>
				<key>GCC_PREPROCESSOR_DEFINITIONS</key>
				<array>
					<string>DEBUG=1</string>
					<string>$(inherited)</string>
				</array>
				<key>INFOPLIST_FILE</key>
				<string>SuperheroineTests/SuperheroineTests-Info.plist</string>
				<key>PRODUCT_NAME</key>
				<string>$(TARGET_NAME)</string>
				<key>TEST_HOST</key>
				<string>$(BUNDLE_LOADER)</string>
				<key>WRAPPER_EXTENSION</key>
				<string>xctest</string>
			</dict>
			<key>isa</key>
			<string>XCBuildConfiguration</string>
			<key>name</key>
			<string>Debug</string>
		</dict>
		<key>EA16C5F518512ED3000E5B54</key>
		<dict>
			<key>buildSettings</key>
			<dict>
				<key>ARCHS</key>
				<string>$(ARCHS_STANDARD_INCLUDING_64_BIT)</string>
				<key>BUNDLE_LOADER</key>
				<string>$(BUILT_PRODUCTS_DIR)/Superheroine.app/Superheroine</string>
				<key>FRAMEWORK_SEARCH_PATHS</key>
				<array>
					<string>$(SDKROOT)/Developer/Library/Frameworks</string>
					<string>$(inherited)</string>
					<string>$(DEVELOPER_FRAMEWORKS_DIR)</string>
				</array>
				<key>GCC_PRECOMPILE_PREFIX_HEADER</key>
				<string>YES</string>
				<key>GCC_PREFIX_HEADER</key>
				<string>Superheroine/Superheroine-Prefix.pch</string>
				<key>INFOPLIST_FILE</key>
				<string>SuperheroineTests/SuperheroineTests-Info.plist</string>
				<key>PRODUCT_NAME</key>
				<string>$(TARGET_NAME)</string>
				<key>TEST_HOST</key>
				<string>$(BUNDLE_LOADER)</string>
				<key>WRAPPER_EXTENSION</key>
				<string>xctest</string>
			</dict>
			<key>isa</key>
			<string>XCBuildConfiguration</string>
			<key>name</key>
			<string>Release</string>
		</dict>
		<key>EA16C5F618513609000E5B54</key>
		<dict>
			<key>children</key>
			<array>
				<string>EA16C62A18529868000E5B54</string>
				<string>EA16C6251852974E000E5B54</string>
				<string>EA16C6211852954F000E5B54</string>
				<string>EA16C5F718513615000E5B54</string>
				<string>EA16C5F818513615000E5B54</string>
				<string>EA16C61D185290ED000E5B54</string>
				<string>EA16C5F918513615000E5B54</string>
			</array>
			<key>isa</key>
			<string>PBXGroup</string>
			<key>name</key>
			<string>Image Assets</string>
			<key>sourceTree</key>
			<string>&lt;group&gt;</string>
		</dict>
		<key>EA16C5F718513615000E5B54</key>
		<dict>
			<key>isa</key>
			<string>PBXFileReference</string>
			<key>lastKnownFileType</key>
			<string>image.png</string>
			<key>path</key>
			<string>facebook_icon.png</string>
			<key>sourceTree</key>
			<string>&lt;group&gt;</string>
		</dict>
		<key>EA16C5F818513615000E5B54</key>
		<dict>
			<key>isa</key>
			<string>PBXFileReference</string>
			<key>lastKnownFileType</key>
			<string>image.png</string>
			<key>path</key>
			<string>pinterest_icon.png</string>
			<key>sourceTree</key>
			<string>&lt;group&gt;</string>
		</dict>
		<key>EA16C5F918513615000E5B54</key>
		<dict>
			<key>isa</key>
			<string>PBXFileReference</string>
			<key>lastKnownFileType</key>
			<string>image.png</string>
			<key>path</key>
			<string>twitter_icon.png</string>
			<key>sourceTree</key>
			<string>&lt;group&gt;</string>
		</dict>
		<key>EA16C5FA18513615000E5B54</key>
		<dict>
			<key>fileRef</key>
			<string>EA16C5F718513615000E5B54</string>
			<key>isa</key>
			<string>PBXBuildFile</string>
		</dict>
		<key>EA16C5FB18513615000E5B54</key>
		<dict>
			<key>fileRef</key>
			<string>EA16C5F818513615000E5B54</string>
			<key>isa</key>
			<string>PBXBuildFile</string>
		</dict>
		<key>EA16C5FC18513615000E5B54</key>
		<dict>
			<key>fileRef</key>
			<string>EA16C5F918513615000E5B54</string>
			<key>isa</key>
			<string>PBXBuildFile</string>
		</dict>
		<key>EA16C60018516949000E5B54</key>
		<dict>
			<key>children</key>
			<array>
				<string>EA16C61A1851D46E000E5B54</string>
				<string>EA16C61B1851D46E000E5B54</string>
				<string>EA16C607185169A0000E5B54</string>
				<string>EA16C608185169A0000E5B54</string>
				<string>EA16C610185169D6000E5B54</string>
				<string>EA16C611185169D6000E5B54</string>
				<string>EA16C60A185169B0000E5B54</string>
				<string>EA16C60B185169B0000E5B54</string>
				<string>EA16C60D185169B7000E5B54</string>
				<string>EA16C60E185169B7000E5B54</string>
				<string>EA16C613185169E5000E5B54</string>
				<string>EA16C614185169E5000E5B54</string>
				<string>EA16C627185297B2000E5B54</string>
				<string>EA16C628185297B2000E5B54</string>
				<string>EA16C6231852965F000E5B54</string>
			</array>
			<key>isa</key>
			<string>PBXGroup</string>
			<key>name</key>
			<string>View Controllers</string>
			<key>sourceTree</key>
			<string>&lt;group&gt;</string>
		</dict>
		<key>EA16C607185169A0000E5B54</key>
		<dict>
			<key>fileEncoding</key>
			<string>4</string>
			<key>isa</key>
			<string>PBXFileReference</string>
			<key>lastKnownFileType</key>
			<string>sourcecode.c.h</string>
			<key>path</key>
			<string>CreateCardViewController.h</string>
			<key>sourceTree</key>
			<string>&lt;group&gt;</string>
		</dict>
		<key>EA16C608185169A0000E5B54</key>
		<dict>
			<key>fileEncoding</key>
			<string>4</string>
			<key>isa</key>
			<string>PBXFileReference</string>
			<key>lastKnownFileType</key>
			<string>sourcecode.c.objc</string>
			<key>path</key>
			<string>CreateCardViewController.m</string>
			<key>sourceTree</key>
			<string>&lt;group&gt;</string>
		</dict>
		<key>EA16C609185169A0000E5B54</key>
		<dict>
			<key>fileRef</key>
			<string>EA16C608185169A0000E5B54</string>
			<key>isa</key>
			<string>PBXBuildFile</string>
		</dict>
		<key>EA16C60A185169B0000E5B54</key>
		<dict>
			<key>fileEncoding</key>
			<string>4</string>
			<key>isa</key>
			<string>PBXFileReference</string>
			<key>lastKnownFileType</key>
			<string>sourcecode.c.h</string>
			<key>path</key>
			<string>HeroineViewController.h</string>
			<key>sourceTree</key>
			<string>&lt;group&gt;</string>
		</dict>
		<key>EA16C60B185169B0000E5B54</key>
		<dict>
			<key>fileEncoding</key>
			<string>4</string>
			<key>isa</key>
			<string>PBXFileReference</string>
			<key>lastKnownFileType</key>
			<string>sourcecode.c.objc</string>
			<key>path</key>
			<string>HeroineViewController.m</string>
			<key>sourceTree</key>
			<string>&lt;group&gt;</string>
		</dict>
		<key>EA16C60C185169B0000E5B54</key>
		<dict>
			<key>fileRef</key>
			<string>EA16C60B185169B0000E5B54</string>
			<key>isa</key>
			<string>PBXBuildFile</string>
		</dict>
		<key>EA16C60D185169B7000E5B54</key>
		<dict>
			<key>fileEncoding</key>
			<string>4</string>
			<key>isa</key>
			<string>PBXFileReference</string>
			<key>lastKnownFileType</key>
			<string>sourcecode.c.h</string>
			<key>path</key>
			<string>SuperheroineViewController.h</string>
			<key>sourceTree</key>
			<string>&lt;group&gt;</string>
		</dict>
		<key>EA16C60E185169B7000E5B54</key>
		<dict>
			<key>fileEncoding</key>
			<string>4</string>
			<key>isa</key>
			<string>PBXFileReference</string>
			<key>lastKnownFileType</key>
			<string>sourcecode.c.objc</string>
			<key>path</key>
			<string>SuperheroineViewController.m</string>
			<key>sourceTree</key>
			<string>&lt;group&gt;</string>
		</dict>
		<key>EA16C60F185169B7000E5B54</key>
		<dict>
			<key>fileRef</key>
			<string>EA16C60E185169B7000E5B54</string>
			<key>isa</key>
			<string>PBXBuildFile</string>
		</dict>
		<key>EA16C610185169D6000E5B54</key>
		<dict>
			<key>fileEncoding</key>
			<string>4</string>
			<key>isa</key>
			<string>PBXFileReference</string>
			<key>lastKnownFileType</key>
			<string>sourcecode.c.h</string>
			<key>path</key>
			<string>MainNavigationViewController.h</string>
			<key>sourceTree</key>
			<string>&lt;group&gt;</string>
		</dict>
		<key>EA16C611185169D6000E5B54</key>
		<dict>
			<key>fileEncoding</key>
			<string>4</string>
			<key>isa</key>
			<string>PBXFileReference</string>
			<key>lastKnownFileType</key>
			<string>sourcecode.c.objc</string>
			<key>path</key>
			<string>MainNavigationViewController.m</string>
			<key>sourceTree</key>
			<string>&lt;group&gt;</string>
		</dict>
		<key>EA16C612185169D6000E5B54</key>
		<dict>
			<key>fileRef</key>
			<string>EA16C611185169D6000E5B54</string>
			<key>isa</key>
			<string>PBXBuildFile</string>
		</dict>
		<key>EA16C613185169E5000E5B54</key>
		<dict>
			<key>fileEncoding</key>
			<string>4</string>
			<key>isa</key>
			<string>PBXFileReference</string>
			<key>lastKnownFileType</key>
			<string>sourcecode.c.h</string>
			<key>path</key>
			<string>DashboardViewController.h</string>
			<key>sourceTree</key>
			<string>&lt;group&gt;</string>
		</dict>
		<key>EA16C614185169E5000E5B54</key>
		<dict>
			<key>fileEncoding</key>
			<string>4</string>
			<key>isa</key>
			<string>PBXFileReference</string>
			<key>lastKnownFileType</key>
			<string>sourcecode.c.objc</string>
			<key>path</key>
			<string>DashboardViewController.m</string>
			<key>sourceTree</key>
			<string>&lt;group&gt;</string>
		</dict>
		<key>EA16C615185169E5000E5B54</key>
		<dict>
			<key>fileRef</key>
			<string>EA16C614185169E5000E5B54</string>
			<key>isa</key>
			<string>PBXBuildFile</string>
		</dict>
		<key>EA16C61618516A8E000E5B54</key>
		<dict>
			<key>fileEncoding</key>
			<string>4</string>
			<key>isa</key>
			<string>PBXFileReference</string>
			<key>lastKnownFileType</key>
			<string>sourcecode.c.h</string>
			<key>path</key>
			<string>SWRevealViewController.h</string>
			<key>sourceTree</key>
			<string>&lt;group&gt;</string>
		</dict>
		<key>EA16C61718516A8E000E5B54</key>
		<dict>
			<key>fileEncoding</key>
			<string>4</string>
			<key>isa</key>
			<string>PBXFileReference</string>
			<key>lastKnownFileType</key>
			<string>sourcecode.c.objc</string>
			<key>path</key>
			<string>SWRevealViewController.m</string>
			<key>sourceTree</key>
			<string>&lt;group&gt;</string>
		</dict>
		<key>EA16C61818516A8E000E5B54</key>
		<dict>
			<key>fileRef</key>
			<string>EA16C61718516A8E000E5B54</string>
			<key>isa</key>
			<string>PBXBuildFile</string>
		</dict>
		<key>EA16C61918516A96000E5B54</key>
		<dict>
			<key>children</key>
			<array>
				<string>EA16C61618516A8E000E5B54</string>
				<string>EA16C61718516A8E000E5B54</string>
			</array>
			<key>isa</key>
			<string>PBXGroup</string>
			<key>name</key>
			<string>SWRevealViewController</string>
			<key>sourceTree</key>
			<string>&lt;group&gt;</string>
		</dict>
		<key>EA16C61A1851D46E000E5B54</key>
		<dict>
			<key>fileEncoding</key>
			<string>4</string>
			<key>isa</key>
			<string>PBXFileReference</string>
			<key>lastKnownFileType</key>
			<string>sourcecode.c.h</string>
			<key>name</key>
			<string>CardsViewController.h</string>
			<key>path</key>
			<string>../CardsViewController.h</string>
			<key>sourceTree</key>
			<string>&lt;group&gt;</string>
		</dict>
		<key>EA16C61B1851D46E000E5B54</key>
		<dict>
			<key>fileEncoding</key>
			<string>4</string>
			<key>isa</key>
			<string>PBXFileReference</string>
			<key>lastKnownFileType</key>
			<string>sourcecode.c.objc</string>
			<key>name</key>
			<string>CardsViewController.m</string>
			<key>path</key>
			<string>../CardsViewController.m</string>
			<key>sourceTree</key>
			<string>&lt;group&gt;</string>
		</dict>
		<key>EA16C61C1851D46E000E5B54</key>
		<dict>
			<key>fileRef</key>
			<string>EA16C61B1851D46E000E5B54</string>
			<key>isa</key>
			<string>PBXBuildFile</string>
		</dict>
		<key>EA16C61D185290ED000E5B54</key>
		<dict>
			<key>isa</key>
			<string>PBXFileReference</string>
			<key>lastKnownFileType</key>
			<string>image.png</string>
			<key>path</key>
			<string>star_icon.png</string>
			<key>sourceTree</key>
			<string>&lt;group&gt;</string>
		</dict>
		<key>EA16C61E185290ED000E5B54</key>
		<dict>
			<key>fileRef</key>
			<string>EA16C61D185290ED000E5B54</string>
			<key>isa</key>
			<string>PBXBuildFile</string>
		</dict>
		<key>EA16C6211852954F000E5B54</key>
		<dict>
			<key>isa</key>
			<string>PBXFileReference</string>
			<key>lastKnownFileType</key>
			<string>image.png</string>
			<key>path</key>
			<string>menu_icon.png</string>
			<key>sourceTree</key>
			<string>&lt;group&gt;</string>
		</dict>
		<key>EA16C6221852954F000E5B54</key>
		<dict>
			<key>fileRef</key>
			<string>EA16C6211852954F000E5B54</string>
			<key>isa</key>
			<string>PBXBuildFile</string>
		</dict>
		<key>EA16C6231852965F000E5B54</key>
		<dict>
			<key>fileEncoding</key>
			<string>4</string>
			<key>isa</key>
			<string>PBXFileReference</string>
			<key>lastKnownFileType</key>
			<string>file.xib</string>
			<key>name</key>
			<string>CardTableViewCell.xib</string>
			<key>path</key>
			<string>../CardTableViewCell.xib</string>
			<key>sourceTree</key>
			<string>&lt;group&gt;</string>
		</dict>
		<key>EA16C6241852965F000E5B54</key>
		<dict>
			<key>fileRef</key>
			<string>EA16C6231852965F000E5B54</string>
			<key>isa</key>
			<string>PBXBuildFile</string>
		</dict>
		<key>EA16C6251852974E000E5B54</key>
		<dict>
			<key>isa</key>
			<string>PBXFileReference</string>
			<key>lastKnownFileType</key>
			<string>image.png</string>
			<key>path</key>
			<string>blue_brush_background.png</string>
			<key>sourceTree</key>
			<string>&lt;group&gt;</string>
		</dict>
		<key>EA16C6261852974E000E5B54</key>
		<dict>
			<key>fileRef</key>
			<string>EA16C6251852974E000E5B54</string>
			<key>isa</key>
			<string>PBXBuildFile</string>
		</dict>
		<key>EA16C627185297B2000E5B54</key>
		<dict>
			<key>fileEncoding</key>
			<string>4</string>
			<key>isa</key>
			<string>PBXFileReference</string>
			<key>lastKnownFileType</key>
			<string>sourcecode.c.h</string>
			<key>name</key>
			<string>CardTableViewCell.h</string>
			<key>path</key>
			<string>../CardTableViewCell.h</string>
			<key>sourceTree</key>
			<string>&lt;group&gt;</string>
		</dict>
		<key>EA16C628185297B2000E5B54</key>
		<dict>
			<key>fileEncoding</key>
			<string>4</string>
			<key>isa</key>
			<string>PBXFileReference</string>
			<key>lastKnownFileType</key>
			<string>sourcecode.c.objc</string>
			<key>name</key>
			<string>CardTableViewCell.m</string>
			<key>path</key>
			<string>../CardTableViewCell.m</string>
			<key>sourceTree</key>
			<string>&lt;group&gt;</string>
		</dict>
		<key>EA16C629185297B2000E5B54</key>
		<dict>
			<key>fileRef</key>
			<string>EA16C628185297B2000E5B54</string>
			<key>isa</key>
			<string>PBXBuildFile</string>
		</dict>
		<key>EA16C62A18529868000E5B54</key>
		<dict>
			<key>isa</key>
			<string>PBXFileReference</string>
			<key>lastKnownFileType</key>
			<string>image.jpeg</string>
			<key>path</key>
			<string>SaraBlakely.jpg</string>
			<key>sourceTree</key>
			<string>&lt;group&gt;</string>
		</dict>
		<key>EA16C62B18529868000E5B54</key>
		<dict>
			<key>fileRef</key>
			<string>EA16C62A18529868000E5B54</string>
			<key>isa</key>
			<string>PBXBuildFile</string>
		</dict>
	</dict>
	<key>rootObject</key>
	<string>EA16C5B618512ED2000E5B54</string>
</dict>
</plist>
