// !$*UTF8*$!
{
	archiveVersion = 1;
	classes = {
	};
	objectVersion = 46;
	objects = {

/* Begin PBXBuildFile section */
		EA16C5C218512ED3000E5B54 /* Foundation.framework in Frameworks */ = {isa = PBXBuildFile; fileRef = EA16C5C118512ED3000E5B54 /* Foundation.framework */; };
		EA16C5C418512ED3000E5B54 /* CoreGraphics.framework in Frameworks */ = {isa = PBXBuildFile; fileRef = EA16C5C318512ED3000E5B54 /* CoreGraphics.framework */; };
		EA16C5C618512ED3000E5B54 /* UIKit.framework in Frameworks */ = {isa = PBXBuildFile; fileRef = EA16C5C518512ED3000E5B54 /* UIKit.framework */; };
		EA16C5CC18512ED3000E5B54 /* InfoPlist.strings in Resources */ = {isa = PBXBuildFile; fileRef = EA16C5CA18512ED3000E5B54 /* InfoPlist.strings */; };
		EA16C5CE18512ED3000E5B54 /* main.m in Sources */ = {isa = PBXBuildFile; fileRef = EA16C5CD18512ED3000E5B54 /* main.m */; };
		EA16C5D218512ED3000E5B54 /* AppDelegate.m in Sources */ = {isa = PBXBuildFile; fileRef = EA16C5D118512ED3000E5B54 /* AppDelegate.m */; };
		EA16C5D518512ED3000E5B54 /* Main.storyboard in Resources */ = {isa = PBXBuildFile; fileRef = EA16C5D318512ED3000E5B54 /* Main.storyboard */; };
		EA16C5D818512ED3000E5B54 /* ViewController.m in Sources */ = {isa = PBXBuildFile; fileRef = EA16C5D718512ED3000E5B54 /* ViewController.m */; };
		EA16C5DA18512ED3000E5B54 /* Images.xcassets in Resources */ = {isa = PBXBuildFile; fileRef = EA16C5D918512ED3000E5B54 /* Images.xcassets */; };
		EA16C5E118512ED3000E5B54 /* XCTest.framework in Frameworks */ = {isa = PBXBuildFile; fileRef = EA16C5E018512ED3000E5B54 /* XCTest.framework */; };
		EA16C5E218512ED3000E5B54 /* Foundation.framework in Frameworks */ = {isa = PBXBuildFile; fileRef = EA16C5C118512ED3000E5B54 /* Foundation.framework */; };
		EA16C5E318512ED3000E5B54 /* UIKit.framework in Frameworks */ = {isa = PBXBuildFile; fileRef = EA16C5C518512ED3000E5B54 /* UIKit.framework */; };
		EA16C5EB18512ED3000E5B54 /* InfoPlist.strings in Resources */ = {isa = PBXBuildFile; fileRef = EA16C5E918512ED3000E5B54 /* InfoPlist.strings */; };
		EA16C5ED18512ED3000E5B54 /* SuperheroineTests.m in Sources */ = {isa = PBXBuildFile; fileRef = EA16C5EC18512ED3000E5B54 /* SuperheroineTests.m */; };
		EA16C5FA18513615000E5B54 /* facebook_icon.png in Resources */ = {isa = PBXBuildFile; fileRef = EA16C5F718513615000E5B54 /* facebook_icon.png */; };
		EA16C5FB18513615000E5B54 /* pinterest_icon.png in Resources */ = {isa = PBXBuildFile; fileRef = EA16C5F818513615000E5B54 /* pinterest_icon.png */; };
		EA16C5FC18513615000E5B54 /* twitter_icon.png in Resources */ = {isa = PBXBuildFile; fileRef = EA16C5F918513615000E5B54 /* twitter_icon.png */; };
/* End PBXBuildFile section */

/* Begin PBXContainerItemProxy section */
		EA16C5E418512ED3000E5B54 /* PBXContainerItemProxy */ = {
			isa = PBXContainerItemProxy;
			containerPortal = EA16C5B618512ED2000E5B54 /* Project object */;
			proxyType = 1;
			remoteGlobalIDString = EA16C5BD18512ED3000E5B54;
			remoteInfo = Superheroine;
		};
/* End PBXContainerItemProxy section */

/* Begin PBXFileReference section */
		EA16C5BE18512ED3000E5B54 /* Superheroine.app */ = {isa = PBXFileReference; explicitFileType = wrapper.application; includeInIndex = 0; path = Superheroine.app; sourceTree = BUILT_PRODUCTS_DIR; };
		EA16C5C118512ED3000E5B54 /* Foundation.framework */ = {isa = PBXFileReference; lastKnownFileType = wrapper.framework; name = Foundation.framework; path = System/Library/Frameworks/Foundation.framework; sourceTree = SDKROOT; };
		EA16C5C318512ED3000E5B54 /* CoreGraphics.framework */ = {isa = PBXFileReference; lastKnownFileType = wrapper.framework; name = CoreGraphics.framework; path = System/Library/Frameworks/CoreGraphics.framework; sourceTree = SDKROOT; };
		EA16C5C518512ED3000E5B54 /* UIKit.framework */ = {isa = PBXFileReference; lastKnownFileType = wrapper.framework; name = UIKit.framework; path = System/Library/Frameworks/UIKit.framework; sourceTree = SDKROOT; };
		EA16C5C918512ED3000E5B54 /* Superheroine-Info.plist */ = {isa = PBXFileReference; lastKnownFileType = text.plist.xml; path = "Superheroine-Info.plist"; sourceTree = "<group>"; };
		EA16C5CB18512ED3000E5B54 /* en */ = {isa = PBXFileReference; lastKnownFileType = text.plist.strings; name = en; path = en.lproj/InfoPlist.strings; sourceTree = "<group>"; };
		EA16C5CD18512ED3000E5B54 /* main.m */ = {isa = PBXFileReference; lastKnownFileType = sourcecode.c.objc; path = main.m; sourceTree = "<group>"; };
		EA16C5CF18512ED3000E5B54 /* Superheroine-Prefix.pch */ = {isa = PBXFileReference; lastKnownFileType = sourcecode.c.h; path = "Superheroine-Prefix.pch"; sourceTree = "<group>"; };
		EA16C5D018512ED3000E5B54 /* AppDelegate.h */ = {isa = PBXFileReference; lastKnownFileType = sourcecode.c.h; path = AppDelegate.h; sourceTree = "<group>"; };
		EA16C5D118512ED3000E5B54 /* AppDelegate.m */ = {isa = PBXFileReference; lastKnownFileType = sourcecode.c.objc; path = AppDelegate.m; sourceTree = "<group>"; };
		EA16C5D418512ED3000E5B54 /* Base */ = {isa = PBXFileReference; lastKnownFileType = file.storyboard; name = Base; path = Base.lproj/Main.storyboard; sourceTree = "<group>"; };
		EA16C5D618512ED3000E5B54 /* ViewController.h */ = {isa = PBXFileReference; lastKnownFileType = sourcecode.c.h; path = ViewController.h; sourceTree = "<group>"; };
		EA16C5D718512ED3000E5B54 /* ViewController.m */ = {isa = PBXFileReference; lastKnownFileType = sourcecode.c.objc; path = ViewController.m; sourceTree = "<group>"; };
		EA16C5D918512ED3000E5B54 /* Images.xcassets */ = {isa = PBXFileReference; lastKnownFileType = folder.assetcatalog; path = Images.xcassets; sourceTree = "<group>"; };
		EA16C5DF18512ED3000E5B54 /* SuperheroineTests.xctest */ = {isa = PBXFileReference; explicitFileType = wrapper.cfbundle; includeInIndex = 0; path = SuperheroineTests.xctest; sourceTree = BUILT_PRODUCTS_DIR; };
		EA16C5E018512ED3000E5B54 /* XCTest.framework */ = {isa = PBXFileReference; lastKnownFileType = wrapper.framework; name = XCTest.framework; path = Library/Frameworks/XCTest.framework; sourceTree = DEVELOPER_DIR; };
		EA16C5E818512ED3000E5B54 /* SuperheroineTests-Info.plist */ = {isa = PBXFileReference; lastKnownFileType = text.plist.xml; path = "SuperheroineTests-Info.plist"; sourceTree = "<group>"; };
		EA16C5EA18512ED3000E5B54 /* en */ = {isa = PBXFileReference; lastKnownFileType = text.plist.strings; name = en; path = en.lproj/InfoPlist.strings; sourceTree = "<group>"; };
		EA16C5EC18512ED3000E5B54 /* SuperheroineTests.m */ = {isa = PBXFileReference; lastKnownFileType = sourcecode.c.objc; path = SuperheroineTests.m; sourceTree = "<group>"; };
		EA16C5F718513615000E5B54 /* facebook_icon.png */ = {isa = PBXFileReference; lastKnownFileType = image.png; path = facebook_icon.png; sourceTree = "<group>"; };
		EA16C5F818513615000E5B54 /* pinterest_icon.png */ = {isa = PBXFileReference; lastKnownFileType = image.png; path = pinterest_icon.png; sourceTree = "<group>"; };
		EA16C5F918513615000E5B54 /* twitter_icon.png */ = {isa = PBXFileReference; lastKnownFileType = image.png; path = twitter_icon.png; sourceTree = "<group>"; };
/* End PBXFileReference section */

/* Begin PBXFrameworksBuildPhase section */
		EA16C5BB18512ED3000E5B54 /* Frameworks */ = {
			isa = PBXFrameworksBuildPhase;
			buildActionMask = 2147483647;
			files = (
				EA16C5C418512ED3000E5B54 /* CoreGraphics.framework in Frameworks */,
				EA16C5C618512ED3000E5B54 /* UIKit.framework in Frameworks */,
				EA16C5C218512ED3000E5B54 /* Foundation.framework in Frameworks */,
			);
			runOnlyForDeploymentPostprocessing = 0;
		};
		EA16C5DC18512ED3000E5B54 /* Frameworks */ = {
			isa = PBXFrameworksBuildPhase;
			buildActionMask = 2147483647;
			files = (
				EA16C5E118512ED3000E5B54 /* XCTest.framework in Frameworks */,
				EA16C5E318512ED3000E5B54 /* UIKit.framework in Frameworks */,
				EA16C5E218512ED3000E5B54 /* Foundation.framework in Frameworks */,
			);
			runOnlyForDeploymentPostprocessing = 0;
		};
/* End PBXFrameworksBuildPhase section */

/* Begin PBXGroup section */
		EA16C5B518512ED2000E5B54 = {
			isa = PBXGroup;
			children = (
				EA16C5C718512ED3000E5B54 /* Superheroine */,
				EA16C5E618512ED3000E5B54 /* SuperheroineTests */,
				EA16C5C018512ED3000E5B54 /* Frameworks */,
				EA16C5BF18512ED3000E5B54 /* Products */,
			);
			sourceTree = "<group>";
		};
		EA16C5BF18512ED3000E5B54 /* Products */ = {
			isa = PBXGroup;
			children = (
				EA16C5BE18512ED3000E5B54 /* Superheroine.app */,
				EA16C5DF18512ED3000E5B54 /* SuperheroineTests.xctest */,
			);
			name = Products;
			sourceTree = "<group>";
		};
		EA16C5C018512ED3000E5B54 /* Frameworks */ = {
			isa = PBXGroup;
			children = (
				EA16C5C118512ED3000E5B54 /* Foundation.framework */,
				EA16C5C318512ED3000E5B54 /* CoreGraphics.framework */,
				EA16C5C518512ED3000E5B54 /* UIKit.framework */,
				EA16C5E018512ED3000E5B54 /* XCTest.framework */,
			);
			name = Frameworks;
			sourceTree = "<group>";
		};
		EA16C5C718512ED3000E5B54 /* Superheroine */ = {
			isa = PBXGroup;
			children = (
				EA16C5D018512ED3000E5B54 /* AppDelegate.h */,
				EA16C5D118512ED3000E5B54 /* AppDelegate.m */,
				EA16C5D318512ED3000E5B54 /* Main.storyboard */,
				EA16C5D618512ED3000E5B54 /* ViewController.h */,
				EA16C5D718512ED3000E5B54 /* ViewController.m */,
				EA16C5D918512ED3000E5B54 /* Images.xcassets */,
				EA16C5F618513609000E5B54 /* Image Assets */,
				EA16C5C818512ED3000E5B54 /* Supporting Files */,
			);
			path = Superheroine;
			sourceTree = "<group>";
		};
		EA16C5C818512ED3000E5B54 /* Supporting Files */ = {
			isa = PBXGroup;
			children = (
				EA16C5C918512ED3000E5B54 /* Superheroine-Info.plist */,
				EA16C5CA18512ED3000E5B54 /* InfoPlist.strings */,
				EA16C5CD18512ED3000E5B54 /* main.m */,
				EA16C5CF18512ED3000E5B54 /* Superheroine-Prefix.pch */,
			);
			name = "Supporting Files";
			sourceTree = "<group>";
		};
		EA16C5E618512ED3000E5B54 /* SuperheroineTests */ = {
			isa = PBXGroup;
			children = (
				EA16C5EC18512ED3000E5B54 /* SuperheroineTests.m */,
				EA16C5E718512ED3000E5B54 /* Supporting Files */,
			);
			path = SuperheroineTests;
			sourceTree = "<group>";
		};
		EA16C5E718512ED3000E5B54 /* Supporting Files */ = {
			isa = PBXGroup;
			children = (
				EA16C5E818512ED3000E5B54 /* SuperheroineTests-Info.plist */,
				EA16C5E918512ED3000E5B54 /* InfoPlist.strings */,
			);
			name = "Supporting Files";
			sourceTree = "<group>";
		};
		EA16C5F618513609000E5B54 /* Image Assets */ = {
			isa = PBXGroup;
			children = (
				EA16C5F718513615000E5B54 /* facebook_icon.png */,
				EA16C5F818513615000E5B54 /* pinterest_icon.png */,
				EA16C5F918513615000E5B54 /* twitter_icon.png */,
			);
			name = "Image Assets";
			sourceTree = "<group>";
		};
/* End PBXGroup section */

/* Begin PBXNativeTarget section */
		EA16C5BD18512ED3000E5B54 /* Superheroine */ = {
			isa = PBXNativeTarget;
			buildConfigurationList = EA16C5F018512ED3000E5B54 /* Build configuration list for PBXNativeTarget "Superheroine" */;
			buildPhases = (
				EA16C5BA18512ED3000E5B54 /* Sources */,
				EA16C5BB18512ED3000E5B54 /* Frameworks */,
				EA16C5BC18512ED3000E5B54 /* Resources */,
			);
			buildRules = (
			);
			dependencies = (
			);
			name = Superheroine;
			productName = Superheroine;
			productReference = EA16C5BE18512ED3000E5B54 /* Superheroine.app */;
			productType = "com.apple.product-type.application";
		};
		EA16C5DE18512ED3000E5B54 /* SuperheroineTests */ = {
			isa = PBXNativeTarget;
			buildConfigurationList = EA16C5F318512ED3000E5B54 /* Build configuration list for PBXNativeTarget "SuperheroineTests" */;
			buildPhases = (
				EA16C5DB18512ED3000E5B54 /* Sources */,
				EA16C5DC18512ED3000E5B54 /* Frameworks */,
				EA16C5DD18512ED3000E5B54 /* Resources */,
			);
			buildRules = (
			);
			dependencies = (
				EA16C5E518512ED3000E5B54 /* PBXTargetDependency */,
			);
			name = SuperheroineTests;
			productName = SuperheroineTests;
			productReference = EA16C5DF18512ED3000E5B54 /* SuperheroineTests.xctest */;
			productType = "com.apple.product-type.bundle.unit-test";
		};
/* End PBXNativeTarget section */

/* Begin PBXProject section */
		EA16C5B618512ED2000E5B54 /* Project object */ = {
			isa = PBXProject;
			attributes = {
				LastUpgradeCheck = 0500;
				ORGANIZATIONNAME = "Erin Parker";
				TargetAttributes = {
					EA16C5DE18512ED3000E5B54 = {
						TestTargetID = EA16C5BD18512ED3000E5B54;
					};
				};
			};
			buildConfigurationList = EA16C5B918512ED2000E5B54 /* Build configuration list for PBXProject "Superheroine" */;
			compatibilityVersion = "Xcode 3.2";
			developmentRegion = English;
			hasScannedForEncodings = 0;
			knownRegions = (
				en,
				Base,
			);
			mainGroup = EA16C5B518512ED2000E5B54;
			productRefGroup = EA16C5BF18512ED3000E5B54 /* Products */;
			projectDirPath = "";
			projectRoot = "";
			targets = (
				EA16C5BD18512ED3000E5B54 /* Superheroine */,
				EA16C5DE18512ED3000E5B54 /* SuperheroineTests */,
			);
		};
/* End PBXProject section */

/* Begin PBXResourcesBuildPhase section */
		EA16C5BC18512ED3000E5B54 /* Resources */ = {
			isa = PBXResourcesBuildPhase;
			buildActionMask = 2147483647;
			files = (
				EA16C5FC18513615000E5B54 /* twitter_icon.png in Resources */,
				EA16C5DA18512ED3000E5B54 /* Images.xcassets in Resources */,
				EA16C5CC18512ED3000E5B54 /* InfoPlist.strings in Resources */,
				EA16C5FA18513615000E5B54 /* facebook_icon.png in Resources */,
				EA16C5FB18513615000E5B54 /* pinterest_icon.png in Resources */,
				EA16C5D518512ED3000E5B54 /* Main.storyboard in Resources */,
			);
			runOnlyForDeploymentPostprocessing = 0;
		};
		EA16C5DD18512ED3000E5B54 /* Resources */ = {
			isa = PBXResourcesBuildPhase;
			buildActionMask = 2147483647;
			files = (
				EA16C5EB18512ED3000E5B54 /* InfoPlist.strings in Resources */,
			);
			runOnlyForDeploymentPostprocessing = 0;
		};
/* End PBXResourcesBuildPhase section */

/* Begin PBXSourcesBuildPhase section */
		EA16C5BA18512ED3000E5B54 /* Sources */ = {
			isa = PBXSourcesBuildPhase;
			buildActionMask = 2147483647;
			files = (
				EA16C5D818512ED3000E5B54 /* ViewController.m in Sources */,
				EA16C5D218512ED3000E5B54 /* AppDelegate.m in Sources */,
				EA16C5CE18512ED3000E5B54 /* main.m in Sources */,
			);
			runOnlyForDeploymentPostprocessing = 0;
		};
		EA16C5DB18512ED3000E5B54 /* Sources */ = {
			isa = PBXSourcesBuildPhase;
			buildActionMask = 2147483647;
			files = (
				EA16C5ED18512ED3000E5B54 /* SuperheroineTests.m in Sources */,
			);
			runOnlyForDeploymentPostprocessing = 0;
		};
/* End PBXSourcesBuildPhase section */

/* Begin PBXTargetDependency section */
		EA16C5E518512ED3000E5B54 /* PBXTargetDependency */ = {
			isa = PBXTargetDependency;
			target = EA16C5BD18512ED3000E5B54 /* Superheroine */;
			targetProxy = EA16C5E418512ED3000E5B54 /* PBXContainerItemProxy */;
		};
/* End PBXTargetDependency section */

/* Begin PBXVariantGroup section */
		EA16C5CA18512ED3000E5B54 /* InfoPlist.strings */ = {
			isa = PBXVariantGroup;
			children = (
				EA16C5CB18512ED3000E5B54 /* en */,
			);
			name = InfoPlist.strings;
			sourceTree = "<group>";
		};
		EA16C5D318512ED3000E5B54 /* Main.storyboard */ = {
			isa = PBXVariantGroup;
			children = (
				EA16C5D418512ED3000E5B54 /* Base */,
			);
			name = Main.storyboard;
			sourceTree = "<group>";
		};
		EA16C5E918512ED3000E5B54 /* InfoPlist.strings */ = {
			isa = PBXVariantGroup;
			children = (
				EA16C5EA18512ED3000E5B54 /* en */,
			);
			name = InfoPlist.strings;
			sourceTree = "<group>";
		};
/* End PBXVariantGroup section */

/* Begin XCBuildConfiguration section */
		EA16C5EE18512ED3000E5B54 /* Debug */ = {
			isa = XCBuildConfiguration;
			buildSettings = {
				ALWAYS_SEARCH_USER_PATHS = NO;
				ARCHS = "$(ARCHS_STANDARD_INCLUDING_64_BIT)";
				CLANG_CXX_LANGUAGE_STANDARD = "gnu++0x";
				CLANG_CXX_LIBRARY = "libc++";
				CLANG_ENABLE_MODULES = YES;
				CLANG_ENABLE_OBJC_ARC = YES;
				CLANG_WARN_BOOL_CONVERSION = YES;
				CLANG_WARN_CONSTANT_CONVERSION = YES;
				CLANG_WARN_DIRECT_OBJC_ISA_USAGE = YES_ERROR;
				CLANG_WARN_EMPTY_BODY = YES;
				CLANG_WARN_ENUM_CONVERSION = YES;
				CLANG_WARN_INT_CONVERSION = YES;
				CLANG_WARN_OBJC_ROOT_CLASS = YES_ERROR;
				CLANG_WARN__DUPLICATE_METHOD_MATCH = YES;
				"CODE_SIGN_IDENTITY[sdk=iphoneos*]" = "iPhone Developer";
				COPY_PHASE_STRIP = NO;
				GCC_C_LANGUAGE_STANDARD = gnu99;
				GCC_DYNAMIC_NO_PIC = NO;
				GCC_OPTIMIZATION_LEVEL = 0;
				GCC_PREPROCESSOR_DEFINITIONS = (
					"DEBUG=1",
					"$(inherited)",
				);
				GCC_SYMBOLS_PRIVATE_EXTERN = NO;
				GCC_WARN_64_TO_32_BIT_CONVERSION = YES;
				GCC_WARN_ABOUT_RETURN_TYPE = YES_ERROR;
				GCC_WARN_UNDECLARED_SELECTOR = YES;
				GCC_WARN_UNINITIALIZED_AUTOS = YES;
				GCC_WARN_UNUSED_FUNCTION = YES;
				GCC_WARN_UNUSED_VARIABLE = YES;
				IPHONEOS_DEPLOYMENT_TARGET = 7.0;
				ONLY_ACTIVE_ARCH = YES;
				SDKROOT = iphoneos;
			};
			name = Debug;
		};
		EA16C5EF18512ED3000E5B54 /* Release */ = {
			isa = XCBuildConfiguration;
			buildSettings = {
				ALWAYS_SEARCH_USER_PATHS = NO;
				ARCHS = "$(ARCHS_STANDARD_INCLUDING_64_BIT)";
				CLANG_CXX_LANGUAGE_STANDARD = "gnu++0x";
				CLANG_CXX_LIBRARY = "libc++";
				CLANG_ENABLE_MODULES = YES;
				CLANG_ENABLE_OBJC_ARC = YES;
				CLANG_WARN_BOOL_CONVERSION = YES;
				CLANG_WARN_CONSTANT_CONVERSION = YES;
				CLANG_WARN_DIRECT_OBJC_ISA_USAGE = YES_ERROR;
				CLANG_WARN_EMPTY_BODY = YES;
				CLANG_WARN_ENUM_CONVERSION = YES;
				CLANG_WARN_INT_CONVERSION = YES;
				CLANG_WARN_OBJC_ROOT_CLASS = YES_ERROR;
				CLANG_WARN__DUPLICATE_METHOD_MATCH = YES;
				"CODE_SIGN_IDENTITY[sdk=iphoneos*]" = "iPhone Developer";
				COPY_PHASE_STRIP = YES;
				ENABLE_NS_ASSERTIONS = NO;
				GCC_C_LANGUAGE_STANDARD = gnu99;
				GCC_WARN_64_TO_32_BIT_CONVERSION = YES;
				GCC_WARN_ABOUT_RETURN_TYPE = YES_ERROR;
				GCC_WARN_UNDECLARED_SELECTOR = YES;
				GCC_WARN_UNINITIALIZED_AUTOS = YES;
				GCC_WARN_UNUSED_FUNCTION = YES;
				GCC_WARN_UNUSED_VARIABLE = YES;
				IPHONEOS_DEPLOYMENT_TARGET = 7.0;
				SDKROOT = iphoneos;
				VALIDATE_PRODUCT = YES;
			};
			name = Release;
		};
		EA16C5F118512ED3000E5B54 /* Debug */ = {
			isa = XCBuildConfiguration;
			buildSettings = {
				ASSETCATALOG_COMPILER_APPICON_NAME = AppIcon;
				ASSETCATALOG_COMPILER_LAUNCHIMAGE_NAME = LaunchImage;
				GCC_PRECOMPILE_PREFIX_HEADER = YES;
				GCC_PREFIX_HEADER = "Superheroine/Superheroine-Prefix.pch";
				INFOPLIST_FILE = "Superheroine/Superheroine-Info.plist";
				PRODUCT_NAME = "$(TARGET_NAME)";
				WRAPPER_EXTENSION = app;
			};
			name = Debug;
		};
		EA16C5F218512ED3000E5B54 /* Release */ = {
			isa = XCBuildConfiguration;
			buildSettings = {
				ASSETCATALOG_COMPILER_APPICON_NAME = AppIcon;
				ASSETCATALOG_COMPILER_LAUNCHIMAGE_NAME = LaunchImage;
				GCC_PRECOMPILE_PREFIX_HEADER = YES;
				GCC_PREFIX_HEADER = "Superheroine/Superheroine-Prefix.pch";
				INFOPLIST_FILE = "Superheroine/Superheroine-Info.plist";
				PRODUCT_NAME = "$(TARGET_NAME)";
				WRAPPER_EXTENSION = app;
			};
			name = Release;
		};
		EA16C5F418512ED3000E5B54 /* Debug */ = {
			isa = XCBuildConfiguration;
			buildSettings = {
				ARCHS = "$(ARCHS_STANDARD_INCLUDING_64_BIT)";
				BUNDLE_LOADER = "$(BUILT_PRODUCTS_DIR)/Superheroine.app/Superheroine";
				FRAMEWORK_SEARCH_PATHS = (
					"$(SDKROOT)/Developer/Library/Frameworks",
					"$(inherited)",
					"$(DEVELOPER_FRAMEWORKS_DIR)",
				);
				GCC_PRECOMPILE_PREFIX_HEADER = YES;
				GCC_PREFIX_HEADER = "Superheroine/Superheroine-Prefix.pch";
				GCC_PREPROCESSOR_DEFINITIONS = (
					"DEBUG=1",
					"$(inherited)",
				);
				INFOPLIST_FILE = "SuperheroineTests/SuperheroineTests-Info.plist";
				PRODUCT_NAME = "$(TARGET_NAME)";
				TEST_HOST = "$(BUNDLE_LOADER)";
				WRAPPER_EXTENSION = xctest;
			};
			name = Debug;
		};
		EA16C5F518512ED3000E5B54 /* Release */ = {
			isa = XCBuildConfiguration;
			buildSettings = {
				ARCHS = "$(ARCHS_STANDARD_INCLUDING_64_BIT)";
				BUNDLE_LOADER = "$(BUILT_PRODUCTS_DIR)/Superheroine.app/Superheroine";
				FRAMEWORK_SEARCH_PATHS = (
					"$(SDKROOT)/Developer/Library/Frameworks",
					"$(inherited)",
					"$(DEVELOPER_FRAMEWORKS_DIR)",
				);
				GCC_PRECOMPILE_PREFIX_HEADER = YES;
				GCC_PREFIX_HEADER = "Superheroine/Superheroine-Prefix.pch";
				INFOPLIST_FILE = "SuperheroineTests/SuperheroineTests-Info.plist";
				PRODUCT_NAME = "$(TARGET_NAME)";
				TEST_HOST = "$(BUNDLE_LOADER)";
				WRAPPER_EXTENSION = xctest;
			};
			name = Release;
		};
/* End XCBuildConfiguration section */

/* Begin XCConfigurationList section */
		EA16C5B918512ED2000E5B54 /* Build configuration list for PBXProject "Superheroine" */ = {
			isa = XCConfigurationList;
			buildConfigurations = (
				EA16C5EE18512ED3000E5B54 /* Debug */,
				EA16C5EF18512ED3000E5B54 /* Release */,
			);
			defaultConfigurationIsVisible = 0;
			defaultConfigurationName = Release;
		};
		EA16C5F018512ED3000E5B54 /* Build configuration list for PBXNativeTarget "Superheroine" */ = {
			isa = XCConfigurationList;
			buildConfigurations = (
				EA16C5F118512ED3000E5B54 /* Debug */,
				EA16C5F218512ED3000E5B54 /* Release */,
			);
			defaultConfigurationIsVisible = 0;
		};
		EA16C5F318512ED3000E5B54 /* Build configuration list for PBXNativeTarget "SuperheroineTests" */ = {
			isa = XCConfigurationList;
			buildConfigurations = (
				EA16C5F418512ED3000E5B54 /* Debug */,
				EA16C5F518512ED3000E5B54 /* Release */,
			);
			defaultConfigurationIsVisible = 0;
		};
/* End XCConfigurationList section */
	};
	rootObject = EA16C5B618512ED2000E5B54 /* Project object */;
}
